
Microsoft Visual Studio Solution File, Format Version 12.00
# Visual Studio Version 17
VisualStudioVersion = 17.7.34221.43
MinimumVisualStudioVersion = 10.0.40219.1
Project("{FAE04EC0-301F-11D3-BF4B-00C04F79EFBC}") = "zadnaie 3 20.03.25", "zadnaie 3 20.03.25\zadnaie 3 20.03.25.csproj", "{186CBA28-76DA-44C7-95CB-728CF5016323}"
EndProject
Global
	GlobalSection(SolutionConfigurationPlatforms) = preSolution
		Debug|Any CPU = Debug|Any CPU
		Release|Any CPU = Release|Any CPU
	EndGlobalSection
	GlobalSection(ProjectConfigurationPlatforms) = postSolution
		{186CBA28-76DA-44C7-95CB-728CF5016323}.Debug|Any CPU.ActiveCfg = Debug|Any CPU
		{186CBA28-76DA-44C7-95CB-728CF5016323}.Debug|Any CPU.Build.0 = Debug|Any CPU
		{186CBA28-76DA-44C7-95CB-728CF5016323}.Release|Any CPU.ActiveCfg = Release|Any CPU
		{186CBA28-76DA-44C7-95CB-728CF5016323}.Release|Any CPU.Build.0 = Release|Any CPU
	EndGlobalSection
	GlobalSection(SolutionProperties) = preSolution
		HideSolutionNode = FALSE
	EndGlobalSection
	GlobalSection(ExtensibilityGlobals) = postSolution
		SolutionGuid = {C959076E-5527-4256-BE4B-4D7D073822DB}
	EndGlobalSection
EndGlobal
